// !$*UTF8*$!
{
	archiveVersion = 1;
	classes = {
	};
	objectVersion = 46;
	objects = {

/* Begin PBXBuildFile section */
		7D07BC301DE8DFF800CE53C4 /* AppDelegate.swift in Sources */ = {isa = PBXBuildFile; fileRef = 7D07BC2F1DE8DFF800CE53C4 /* AppDelegate.swift */; };
		7D07BC321DE8DFF800CE53C4 /* ViewController.swift in Sources */ = {isa = PBXBuildFile; fileRef = 7D07BC311DE8DFF800CE53C4 /* ViewController.swift */; };
		7D07BC351DE8DFF800CE53C4 /* Main.storyboard in Resources */ = {isa = PBXBuildFile; fileRef = 7D07BC331DE8DFF800CE53C4 /* Main.storyboard */; };
		7D07BC371DE8DFF800CE53C4 /* Assets.xcassets in Resources */ = {isa = PBXBuildFile; fileRef = 7D07BC361DE8DFF800CE53C4 /* Assets.xcassets */; };
		7D07BC3A1DE8DFF800CE53C4 /* LaunchScreen.storyboard in Resources */ = {isa = PBXBuildFile; fileRef = 7D07BC381DE8DFF800CE53C4 /* LaunchScreen.storyboard */; };
		7D07BC451DE8DFF800CE53C4 /* LocyTests.swift in Sources */ = {isa = PBXBuildFile; fileRef = 7D07BC441DE8DFF800CE53C4 /* LocyTests.swift */; };
		7D07BC501DE8DFF800CE53C4 /* LocyUITests.swift in Sources */ = {isa = PBXBuildFile; fileRef = 7D07BC4F1DE8DFF800CE53C4 /* LocyUITests.swift */; };
		7D07BC5F1DE8E76000CE53C4 /* MapKit.framework in Frameworks */ = {isa = PBXBuildFile; fileRef = 7D07BC5E1DE8E76000CE53C4 /* MapKit.framework */; };
/* End PBXBuildFile section */

/* Begin PBXContainerItemProxy section */
		7D07BC411DE8DFF800CE53C4 /* PBXContainerItemProxy */ = {
			isa = PBXContainerItemProxy;
			containerPortal = 7D07BC241DE8DFF800CE53C4 /* Project object */;
			proxyType = 1;
			remoteGlobalIDString = 7D07BC2B1DE8DFF800CE53C4;
			remoteInfo = Locy;
		};
		7D07BC4C1DE8DFF800CE53C4 /* PBXContainerItemProxy */ = {
			isa = PBXContainerItemProxy;
			containerPortal = 7D07BC241DE8DFF800CE53C4 /* Project object */;
			proxyType = 1;
			remoteGlobalIDString = 7D07BC2B1DE8DFF800CE53C4;
			remoteInfo = Locy;
		};
/* End PBXContainerItemProxy section */

/* Begin PBXFileReference section */
		7D07BC2C1DE8DFF800CE53C4 /* Locy.app */ = {isa = PBXFileReference; explicitFileType = wrapper.application; includeInIndex = 0; path = Locy.app; sourceTree = BUILT_PRODUCTS_DIR; };
		7D07BC2F1DE8DFF800CE53C4 /* AppDelegate.swift */ = {isa = PBXFileReference; lastKnownFileType = sourcecode.swift; path = AppDelegate.swift; sourceTree = "<group>"; };
		7D07BC311DE8DFF800CE53C4 /* ViewController.swift */ = {isa = PBXFileReference; lastKnownFileType = sourcecode.swift; path = ViewController.swift; sourceTree = "<group>"; };
		7D07BC341DE8DFF800CE53C4 /* Base */ = {isa = PBXFileReference; lastKnownFileType = file.storyboard; name = Base; path = Base.lproj/Main.storyboard; sourceTree = "<group>"; };
		7D07BC361DE8DFF800CE53C4 /* Assets.xcassets */ = {isa = PBXFileReference; lastKnownFileType = folder.assetcatalog; path = Assets.xcassets; sourceTree = "<group>"; };
		7D07BC391DE8DFF800CE53C4 /* Base */ = {isa = PBXFileReference; lastKnownFileType = file.storyboard; name = Base; path = Base.lproj/LaunchScreen.storyboard; sourceTree = "<group>"; };
		7D07BC3B1DE8DFF800CE53C4 /* Info.plist */ = {isa = PBXFileReference; lastKnownFileType = text.plist.xml; path = Info.plist; sourceTree = "<group>"; };
		7D07BC401DE8DFF800CE53C4 /* LocyTests.xctest */ = {isa = PBXFileReference; explicitFileType = wrapper.cfbundle; includeInIndex = 0; path = LocyTests.xctest; sourceTree = BUILT_PRODUCTS_DIR; };
		7D07BC441DE8DFF800CE53C4 /* LocyTests.swift */ = {isa = PBXFileReference; lastKnownFileType = sourcecode.swift; path = LocyTests.swift; sourceTree = "<group>"; };
		7D07BC461DE8DFF800CE53C4 /* Info.plist */ = {isa = PBXFileReference; lastKnownFileType = text.plist.xml; path = Info.plist; sourceTree = "<group>"; };
		7D07BC4B1DE8DFF800CE53C4 /* LocyUITests.xctest */ = {isa = PBXFileReference; explicitFileType = wrapper.cfbundle; includeInIndex = 0; path = LocyUITests.xctest; sourceTree = BUILT_PRODUCTS_DIR; };
		7D07BC4F1DE8DFF800CE53C4 /* LocyUITests.swift */ = {isa = PBXFileReference; lastKnownFileType = sourcecode.swift; path = LocyUITests.swift; sourceTree = "<group>"; };
		7D07BC511DE8DFF800CE53C4 /* Info.plist */ = {isa = PBXFileReference; lastKnownFileType = text.plist.xml; path = Info.plist; sourceTree = "<group>"; };
		7D07BC5E1DE8E76000CE53C4 /* MapKit.framework */ = {isa = PBXFileReference; lastKnownFileType = wrapper.framework; name = MapKit.framework; path = System/Library/Frameworks/MapKit.framework; sourceTree = SDKROOT; };
/* End PBXFileReference section */

/* Begin PBXFrameworksBuildPhase section */
		7D07BC291DE8DFF800CE53C4 /* Frameworks */ = {
			isa = PBXFrameworksBuildPhase;
			buildActionMask = 2147483647;
			files = (
				7D07BC5F1DE8E76000CE53C4 /* MapKit.framework in Frameworks */,
			);
			runOnlyForDeploymentPostprocessing = 0;
		};
		7D07BC3D1DE8DFF800CE53C4 /* Frameworks */ = {
			isa = PBXFrameworksBuildPhase;
			buildActionMask = 2147483647;
			files = (
			);
			runOnlyForDeploymentPostprocessing = 0;
		};
		7D07BC481DE8DFF800CE53C4 /* Frameworks */ = {
			isa = PBXFrameworksBuildPhase;
			buildActionMask = 2147483647;
			files = (
			);
			runOnlyForDeploymentPostprocessing = 0;
		};
/* End PBXFrameworksBuildPhase section */

/* Begin PBXGroup section */
		7D07BC231DE8DFF800CE53C4 = {
			isa = PBXGroup;
			children = (
				7D07BC2E1DE8DFF800CE53C4 /* Locy */,
				7D07BC431DE8DFF800CE53C4 /* LocyTests */,
				7D07BC4E1DE8DFF800CE53C4 /* LocyUITests */,
				7D07BC2D1DE8DFF800CE53C4 /* Products */,
				7D07BC5D1DE8E76000CE53C4 /* Frameworks */,
			);
			sourceTree = "<group>";
		};
		7D07BC2D1DE8DFF800CE53C4 /* Products */ = {
			isa = PBXGroup;
			children = (
				7D07BC2C1DE8DFF800CE53C4 /* Locy.app */,
				7D07BC401DE8DFF800CE53C4 /* LocyTests.xctest */,
				7D07BC4B1DE8DFF800CE53C4 /* LocyUITests.xctest */,
			);
			name = Products;
			sourceTree = "<group>";
		};
		7D07BC2E1DE8DFF800CE53C4 /* Locy */ = {
			isa = PBXGroup;
			children = (
				7D07BC2F1DE8DFF800CE53C4 /* AppDelegate.swift */,
				7D07BC311DE8DFF800CE53C4 /* ViewController.swift */,
				7D07BC331DE8DFF800CE53C4 /* Main.storyboard */,
				7D07BC361DE8DFF800CE53C4 /* Assets.xcassets */,
				7D07BC381DE8DFF800CE53C4 /* LaunchScreen.storyboard */,
				7D07BC3B1DE8DFF800CE53C4 /* Info.plist */,
			);
			path = Locy;
			sourceTree = "<group>";
		};
		7D07BC431DE8DFF800CE53C4 /* LocyTests */ = {
			isa = PBXGroup;
			children = (
				7D07BC441DE8DFF800CE53C4 /* LocyTests.swift */,
				7D07BC461DE8DFF800CE53C4 /* Info.plist */,
			);
			path = LocyTests;
			sourceTree = "<group>";
		};
		7D07BC4E1DE8DFF800CE53C4 /* LocyUITests */ = {
			isa = PBXGroup;
			children = (
				7D07BC4F1DE8DFF800CE53C4 /* LocyUITests.swift */,
				7D07BC511DE8DFF800CE53C4 /* Info.plist */,
			);
			path = LocyUITests;
			sourceTree = "<group>";
		};
		7D07BC5D1DE8E76000CE53C4 /* Frameworks */ = {
			isa = PBXGroup;
			children = (
				7D07BC5E1DE8E76000CE53C4 /* MapKit.framework */,
			);
			name = Frameworks;
			sourceTree = "<group>";
		};
/* End PBXGroup section */

/* Begin PBXNativeTarget section */
		7D07BC2B1DE8DFF800CE53C4 /* Locy */ = {
			isa = PBXNativeTarget;
			buildConfigurationList = 7D07BC541DE8DFF800CE53C4 /* Build configuration list for PBXNativeTarget "Locy" */;
			buildPhases = (
				7D07BC281DE8DFF800CE53C4 /* Sources */,
				7D07BC291DE8DFF800CE53C4 /* Frameworks */,
				7D07BC2A1DE8DFF800CE53C4 /* Resources */,
			);
			buildRules = (
			);
			dependencies = (
			);
			name = Locy;
			productName = Locy;
			productReference = 7D07BC2C1DE8DFF800CE53C4 /* Locy.app */;
			productType = "com.apple.product-type.application";
		};
		7D07BC3F1DE8DFF800CE53C4 /* LocyTests */ = {
			isa = PBXNativeTarget;
			buildConfigurationList = 7D07BC571DE8DFF800CE53C4 /* Build configuration list for PBXNativeTarget "LocyTests" */;
			buildPhases = (
				7D07BC3C1DE8DFF800CE53C4 /* Sources */,
				7D07BC3D1DE8DFF800CE53C4 /* Frameworks */,
				7D07BC3E1DE8DFF800CE53C4 /* Resources */,
			);
			buildRules = (
			);
			dependencies = (
				7D07BC421DE8DFF800CE53C4 /* PBXTargetDependency */,
			);
			name = LocyTests;
			productName = LocyTests;
			productReference = 7D07BC401DE8DFF800CE53C4 /* LocyTests.xctest */;
			productType = "com.apple.product-type.bundle.unit-test";
		};
		7D07BC4A1DE8DFF800CE53C4 /* LocyUITests */ = {
			isa = PBXNativeTarget;
			buildConfigurationList = 7D07BC5A1DE8DFF800CE53C4 /* Build configuration list for PBXNativeTarget "LocyUITests" */;
			buildPhases = (
				7D07BC471DE8DFF800CE53C4 /* Sources */,
				7D07BC481DE8DFF800CE53C4 /* Frameworks */,
				7D07BC491DE8DFF800CE53C4 /* Resources */,
			);
			buildRules = (
			);
			dependencies = (
				7D07BC4D1DE8DFF800CE53C4 /* PBXTargetDependency */,
			);
			name = LocyUITests;
			productName = LocyUITests;
			productReference = 7D07BC4B1DE8DFF800CE53C4 /* LocyUITests.xctest */;
			productType = "com.apple.product-type.bundle.ui-testing";
		};
/* End PBXNativeTarget section */

/* Begin PBXProject section */
		7D07BC241DE8DFF800CE53C4 /* Project object */ = {
			isa = PBXProject;
			attributes = {
				LastSwiftUpdateCheck = 0810;
				LastUpgradeCheck = 0810;
				ORGANIZATIONNAME = "Sahit Penmatcha";
				TargetAttributes = {
					7D07BC2B1DE8DFF800CE53C4 = {
						CreatedOnToolsVersion = 8.1;
						DevelopmentTeam = B25Q8V2Z8P;
						ProvisioningStyle = Automatic;
						SystemCapabilities = {
							com.apple.BackgroundModes = {
								enabled = 0;
							};
							com.apple.Maps.iOS = {
								enabled = 0;
							};
						};
					};
					7D07BC3F1DE8DFF800CE53C4 = {
						CreatedOnToolsVersion = 8.1;
						DevelopmentTeam = B25Q8V2Z8P;
						ProvisioningStyle = Automatic;
						TestTargetID = 7D07BC2B1DE8DFF800CE53C4;
					};
					7D07BC4A1DE8DFF800CE53C4 = {
						CreatedOnToolsVersion = 8.1;
						DevelopmentTeam = B25Q8V2Z8P;
						ProvisioningStyle = Automatic;
						TestTargetID = 7D07BC2B1DE8DFF800CE53C4;
					};
				};
			};
			buildConfigurationList = 7D07BC271DE8DFF800CE53C4 /* Build configuration list for PBXProject "Locy" */;
			compatibilityVersion = "Xcode 3.2";
			developmentRegion = English;
			hasScannedForEncodings = 0;
			knownRegions = (
				en,
				Base,
			);
			mainGroup = 7D07BC231DE8DFF800CE53C4;
			productRefGroup = 7D07BC2D1DE8DFF800CE53C4 /* Products */;
			projectDirPath = "";
			projectRoot = "";
			targets = (
				7D07BC2B1DE8DFF800CE53C4 /* Locy */,
				7D07BC3F1DE8DFF800CE53C4 /* LocyTests */,
				7D07BC4A1DE8DFF800CE53C4 /* LocyUITests */,
			);
		};
/* End PBXProject section */

/* Begin PBXResourcesBuildPhase section */
		7D07BC2A1DE8DFF800CE53C4 /* Resources */ = {
			isa = PBXResourcesBuildPhase;
			buildActionMask = 2147483647;
			files = (
				7D07BC3A1DE8DFF800CE53C4 /* LaunchScreen.storyboard in Resources */,
				7D07BC371DE8DFF800CE53C4 /* Assets.xcassets in Resources */,
				7D07BC351DE8DFF800CE53C4 /* Main.storyboard in Resources */,
			);
			runOnlyForDeploymentPostprocessing = 0;
		};
		7D07BC3E1DE8DFF800CE53C4 /* Resources */ = {
			isa = PBXResourcesBuildPhase;
			buildActionMask = 2147483647;
			files = (
			);
			runOnlyForDeploymentPostprocessing = 0;
		};
		7D07BC491DE8DFF800CE53C4 /* Resources */ = {
			isa = PBXResourcesBuildPhase;
			buildActionMask = 2147483647;
			files = (
			);
			runOnlyForDeploymentPostprocessing = 0;
		};
/* End PBXResourcesBuildPhase section */

/* Begin PBXSourcesBuildPhase section */
		7D07BC281DE8DFF800CE53C4 /* Sources */ = {
			isa = PBXSourcesBuildPhase;
			buildActionMask = 2147483647;
			files = (
				7D07BC321DE8DFF800CE53C4 /* ViewController.swift in Sources */,
				7D07BC301DE8DFF800CE53C4 /* AppDelegate.swift in Sources */,
			);
			runOnlyForDeploymentPostprocessing = 0;
		};
		7D07BC3C1DE8DFF800CE53C4 /* Sources */ = {
			isa = PBXSourcesBuildPhase;
			buildActionMask = 2147483647;
			files = (
				7D07BC451DE8DFF800CE53C4 /* LocyTests.swift in Sources */,
			);
			runOnlyForDeploymentPostprocessing = 0;
		};
		7D07BC471DE8DFF800CE53C4 /* Sources */ = {
			isa = PBXSourcesBuildPhase;
			buildActionMask = 2147483647;
			files = (
				7D07BC501DE8DFF800CE53C4 /* LocyUITests.swift in Sources */,
			);
			runOnlyForDeploymentPostprocessing = 0;
		};
/* End PBXSourcesBuildPhase section */

/* Begin PBXTargetDependency section */
		7D07BC421DE8DFF800CE53C4 /* PBXTargetDependency */ = {
			isa = PBXTargetDependency;
			target = 7D07BC2B1DE8DFF800CE53C4 /* Locy */;
			targetProxy = 7D07BC411DE8DFF800CE53C4 /* PBXContainerItemProxy */;
		};
		7D07BC4D1DE8DFF800CE53C4 /* PBXTargetDependency */ = {
			isa = PBXTargetDependency;
			target = 7D07BC2B1DE8DFF800CE53C4 /* Locy */;
			targetProxy = 7D07BC4C1DE8DFF800CE53C4 /* PBXContainerItemProxy */;
		};
/* End PBXTargetDependency section */

/* Begin PBXVariantGroup section */
		7D07BC331DE8DFF800CE53C4 /* Main.storyboard */ = {
			isa = PBXVariantGroup;
			children = (
				7D07BC341DE8DFF800CE53C4 /* Base */,
			);
			name = Main.storyboard;
			sourceTree = "<group>";
		};
		7D07BC381DE8DFF800CE53C4 /* LaunchScreen.storyboard */ = {
			isa = PBXVariantGroup;
			children = (
				7D07BC391DE8DFF800CE53C4 /* Base */,
			);
			name = LaunchScreen.storyboard;
			sourceTree = "<group>";
		};
/* End PBXVariantGroup section */

/* Begin XCBuildConfiguration section */
		7D07BC521DE8DFF800CE53C4 /* Debug */ = {
			isa = XCBuildConfiguration;
			buildSettings = {
				ALWAYS_SEARCH_USER_PATHS = NO;
				CLANG_ANALYZER_NONNULL = YES;
				CLANG_CXX_LANGUAGE_STANDARD = "gnu++0x";
				CLANG_CXX_LIBRARY = "libc++";
				CLANG_ENABLE_MODULES = YES;
				CLANG_ENABLE_OBJC_ARC = YES;
				CLANG_WARN_BOOL_CONVERSION = YES;
				CLANG_WARN_CONSTANT_CONVERSION = YES;
				CLANG_WARN_DIRECT_OBJC_ISA_USAGE = YES_ERROR;
				CLANG_WARN_DOCUMENTATION_COMMENTS = YES;
				CLANG_WARN_EMPTY_BODY = YES;
				CLANG_WARN_ENUM_CONVERSION = YES;
				CLANG_WARN_INFINITE_RECURSION = YES;
				CLANG_WARN_INT_CONVERSION = YES;
				CLANG_WARN_OBJC_ROOT_CLASS = YES_ERROR;
				CLANG_WARN_SUSPICIOUS_MOVES = YES;
				CLANG_WARN_UNREACHABLE_CODE = YES;
				CLANG_WARN__DUPLICATE_METHOD_MATCH = YES;
				"CODE_SIGN_IDENTITY[sdk=iphoneos*]" = "iPhone Developer";
				COPY_PHASE_STRIP = NO;
				DEBUG_INFORMATION_FORMAT = dwarf;
				ENABLE_STRICT_OBJC_MSGSEND = YES;
				ENABLE_TESTABILITY = YES;
				GCC_C_LANGUAGE_STANDARD = gnu99;
				GCC_DYNAMIC_NO_PIC = NO;
				GCC_NO_COMMON_BLOCKS = YES;
				GCC_OPTIMIZATION_LEVEL = 0;
				GCC_PREPROCESSOR_DEFINITIONS = (
					"DEBUG=1",
					"$(inherited)",
				);
				GCC_WARN_64_TO_32_BIT_CONVERSION = YES;
				GCC_WARN_ABOUT_RETURN_TYPE = YES_ERROR;
				GCC_WARN_UNDECLARED_SELECTOR = YES;
				GCC_WARN_UNINITIALIZED_AUTOS = YES_AGGRESSIVE;
				GCC_WARN_UNUSED_FUNCTION = YES;
				GCC_WARN_UNUSED_VARIABLE = YES;
				IPHONEOS_DEPLOYMENT_TARGET = 10.1;
				MTL_ENABLE_DEBUG_INFO = YES;
				ONLY_ACTIVE_ARCH = YES;
				SDKROOT = iphoneos;
				SWIFT_ACTIVE_COMPILATION_CONDITIONS = DEBUG;
				SWIFT_OPTIMIZATION_LEVEL = "-Onone";
			};
			name = Debug;
		};
		7D07BC531DE8DFF800CE53C4 /* Release */ = {
			isa = XCBuildConfiguration;
			buildSettings = {
				ALWAYS_SEARCH_USER_PATHS = NO;
				CLANG_ANALYZER_NONNULL = YES;
				CLANG_CXX_LANGUAGE_STANDARD = "gnu++0x";
				CLANG_CXX_LIBRARY = "libc++";
				CLANG_ENABLE_MODULES = YES;
				CLANG_ENABLE_OBJC_ARC = YES;
				CLANG_WARN_BOOL_CONVERSION = YES;
				CLANG_WARN_CONSTANT_CONVERSION = YES;
				CLANG_WARN_DIRECT_OBJC_ISA_USAGE = YES_ERROR;
				CLANG_WARN_DOCUMENTATION_COMMENTS = YES;
				CLANG_WARN_EMPTY_BODY = YES;
				CLANG_WARN_ENUM_CONVERSION = YES;
				CLANG_WARN_INFINITE_RECURSION = YES;
				CLANG_WARN_INT_CONVERSION = YES;
				CLANG_WARN_OBJC_ROOT_CLASS = YES_ERROR;
				CLANG_WARN_SUSPICIOUS_MOVES = YES;
				CLANG_WARN_UNREACHABLE_CODE = YES;
				CLANG_WARN__DUPLICATE_METHOD_MATCH = YES;
				"CODE_SIGN_IDENTITY[sdk=iphoneos*]" = "iPhone Developer";
				COPY_PHASE_STRIP = NO;
				DEBUG_INFORMATION_FORMAT = "dwarf-with-dsym";
				ENABLE_NS_ASSERTIONS = NO;
				ENABLE_STRICT_OBJC_MSGSEND = YES;
				GCC_C_LANGUAGE_STANDARD = gnu99;
				GCC_NO_COMMON_BLOCKS = YES;
				GCC_WARN_64_TO_32_BIT_CONVERSION = YES;
				GCC_WARN_ABOUT_RETURN_TYPE = YES_ERROR;
				GCC_WARN_UNDECLARED_SELECTOR = YES;
				GCC_WARN_UNINITIALIZED_AUTOS = YES_AGGRESSIVE;
				GCC_WARN_UNUSED_FUNCTION = YES;
				GCC_WARN_UNUSED_VARIABLE = YES;
				IPHONEOS_DEPLOYMENT_TARGET = 10.1;
				MTL_ENABLE_DEBUG_INFO = NO;
				SDKROOT = iphoneos;
				SWIFT_OPTIMIZATION_LEVEL = "-Owholemodule";
				VALIDATE_PRODUCT = YES;
			};
			name = Release;
		};
		7D07BC551DE8DFF800CE53C4 /* Debug */ = {
			isa = XCBuildConfiguration;
			buildSettings = {
				ASSETCATALOG_COMPILER_APPICON_NAME = AppIcon;
				DEVELOPMENT_TEAM = B25Q8V2Z8P;
				INFOPLIST_FILE = Locy/Info.plist;
				LD_RUNPATH_SEARCH_PATHS = "$(inherited) @executable_path/Frameworks";
				PRODUCT_BUNDLE_IDENTIFIER = com.sahitPenmatcha.Locy;
				PRODUCT_NAME = "$(TARGET_NAME)";
				SWIFT_VERSION = 3.0;
			};
			name = Debug;
		};
		7D07BC561DE8DFF800CE53C4 /* Release */ = {
			isa = XCBuildConfiguration;
			buildSettings = {
				ASSETCATALOG_COMPILER_APPICON_NAME = AppIcon;
				DEVELOPMENT_TEAM = B25Q8V2Z8P;
				INFOPLIST_FILE = Locy/Info.plist;
				LD_RUNPATH_SEARCH_PATHS = "$(inherited) @executable_path/Frameworks";
				PRODUCT_BUNDLE_IDENTIFIER = com.sahitPenmatcha.Locy;
				PRODUCT_NAME = "$(TARGET_NAME)";
				SWIFT_VERSION = 3.0;
			};
			name = Release;
		};
		7D07BC581DE8DFF800CE53C4 /* Debug */ = {
			isa = XCBuildConfiguration;
			buildSettings = {
				ALWAYS_EMBED_SWIFT_STANDARD_LIBRARIES = YES;
				BUNDLE_LOADER = "$(TEST_HOST)";
				DEVELOPMENT_TEAM = B25Q8V2Z8P;
				INFOPLIST_FILE = LocyTests/Info.plist;
				LD_RUNPATH_SEARCH_PATHS = "$(inherited) @executable_path/Frameworks @loader_path/Frameworks";
				PRODUCT_BUNDLE_IDENTIFIER = com.sahitPenmatcha.LocyTests;
				PRODUCT_NAME = "$(TARGET_NAME)";
				SWIFT_VERSION = 3.0;
				TEST_HOST = "$(BUILT_PRODUCTS_DIR)/Locy.app/Locy";
			};
			name = Debug;
		};
		7D07BC591DE8DFF800CE53C4 /* Release */ = {
			isa = XCBuildConfiguration;
			buildSettings = {
				ALWAYS_EMBED_SWIFT_STANDARD_LIBRARIES = YES;
				BUNDLE_LOADER = "$(TEST_HOST)";
				DEVELOPMENT_TEAM = B25Q8V2Z8P;
				INFOPLIST_FILE = LocyTests/Info.plist;
				LD_RUNPATH_SEARCH_PATHS = "$(inherited) @executable_path/Frameworks @loader_path/Frameworks";
				PRODUCT_BUNDLE_IDENTIFIER = com.sahitPenmatcha.LocyTests;
				PRODUCT_NAME = "$(TARGET_NAME)";
				SWIFT_VERSION = 3.0;
				TEST_HOST = "$(BUILT_PRODUCTS_DIR)/Locy.app/Locy";
			};
			name = Release;
		};
		7D07BC5B1DE8DFF800CE53C4 /* Debug */ = {
			isa = XCBuildConfiguration;
			buildSettings = {
				ALWAYS_EMBED_SWIFT_STANDARD_LIBRARIES = YES;
				DEVELOPMENT_TEAM = B25Q8V2Z8P;
				INFOPLIST_FILE = LocyUITests/Info.plist;
				LD_RUNPATH_SEARCH_PATHS = "$(inherited) @executable_path/Frameworks @loader_path/Frameworks";
				PRODUCT_BUNDLE_IDENTIFIER = com.sahitPenmatcha.LocyUITests;
				PRODUCT_NAME = "$(TARGET_NAME)";
				SWIFT_VERSION = 3.0;
				TEST_TARGET_NAME = Locy;
			};
			name = Debug;
		};
		7D07BC5C1DE8DFF800CE53C4 /* Release */ = {
			isa = XCBuildConfiguration;
			buildSettings = {
				ALWAYS_EMBED_SWIFT_STANDARD_LIBRARIES = YES;
				DEVELOPMENT_TEAM = B25Q8V2Z8P;
				INFOPLIST_FILE = LocyUITests/Info.plist;
				LD_RUNPATH_SEARCH_PATHS = "$(inherited) @executable_path/Frameworks @loader_path/Frameworks";
				PRODUCT_BUNDLE_IDENTIFIER = com.sahitPenmatcha.LocyUITests;
				PRODUCT_NAME = "$(TARGET_NAME)";
				SWIFT_VERSION = 3.0;
				TEST_TARGET_NAME = Locy;
			};
			name = Release;
		};
/* End XCBuildConfiguration section */

/* Begin XCConfigurationList section */
		7D07BC271DE8DFF800CE53C4 /* Build configuration list for PBXProject "Locy" */ = {
			isa = XCConfigurationList;
			buildConfigurations = (
				7D07BC521DE8DFF800CE53C4 /* Debug */,
				7D07BC531DE8DFF800CE53C4 /* Release */,
			);
			defaultConfigurationIsVisible = 0;
			defaultConfigurationName = Release;
		};
		7D07BC541DE8DFF800CE53C4 /* Build configuration list for PBXNativeTarget "Locy" */ = {
			isa = XCConfigurationList;
			buildConfigurations = (
				7D07BC551DE8DFF800CE53C4 /* Debug */,
				7D07BC561DE8DFF800CE53C4 /* Release */,
			);
			defaultConfigurationIsVisible = 0;
		};
		7D07BC571DE8DFF800CE53C4 /* Build configuration list for PBXNativeTarget "LocyTests" */ = {
			isa = XCConfigurationList;
			buildConfigurations = (
				7D07BC581DE8DFF800CE53C4 /* Debug */,
				7D07BC591DE8DFF800CE53C4 /* Release */,
			);
			defaultConfigurationIsVisible = 0;
		};
		7D07BC5A1DE8DFF800CE53C4 /* Build configuration list for PBXNativeTarget "LocyUITests" */ = {
			isa = XCConfigurationList;
			buildConfigurations = (
				7D07BC5B1DE8DFF800CE53C4 /* Debug */,
				7D07BC5C1DE8DFF800CE53C4 /* Release */,
			);
			defaultConfigurationIsVisible = 0;
		};
/* End XCConfigurationList section */
	};
	rootObject = 7D07BC241DE8DFF800CE53C4 /* Project object */;
}
